
Microsoft Visual Studio Solution File, Format Version 12.00
# Visual Studio 2012
Project("{A0786B88-2ADB-4C21-ABE8-AA2D79766269}") = "CloudWatch", "CloudWatch.phpproj", "{9CA23D94-9A87-46C0-8DBB-FBA187C3014D}"
EndProject
Global
	GlobalSection(SolutionConfigurationPlatforms) = preSolution
		Debug|Any CPU = Debug|Any CPU
		Release|Any CPU = Release|Any CPU
	EndGlobalSection
	GlobalSection(ProjectConfigurationPlatforms) = postSolution
		{9CA23D94-9A87-46C0-8DBB-FBA187C3014D}.Debug|Any CPU.ActiveCfg = Debug|Any CPU
		{9CA23D94-9A87-46C0-8DBB-FBA187C3014D}.Debug|Any CPU.Build.0 = Debug|Any CPU
		{9CA23D94-9A87-46C0-8DBB-FBA187C3014D}.Release|Any CPU.ActiveCfg = Release|Any CPU
		{9CA23D94-9A87-46C0-8DBB-FBA187C3014D}.Release|Any CPU.Build.0 = Release|Any CPU
	EndGlobalSection
	GlobalSection(SolutionProperties) = preSolution
		HideSolutionNode = FALSE
	EndGlobalSection
EndGlobal
